
Microsoft Visual Studio Solution File, Format Version 12.00
# Visual Studio Version 17
VisualStudioVersion = 17.7.34031.279
MinimumVisualStudioVersion = 10.0.40219.1
Project("{FAE04EC0-301F-11D3-BF4B-00C04F79EFBC}") = "CourseEndPizza", "CourseEndPizza\CourseEndPizza.csproj", "{9A4827BE-B415-4630-B665-FDC545F382CC}"
EndProject
Project("{FAE04EC0-301F-11D3-BF4B-00C04F79EFBC}") = "Testing", "Testing\Testing.csproj", "{AA6BDB5E-FC4F-4B11-8DF5-1F7A7DEE26A6}"
EndProject
Global
	GlobalSection(SolutionConfigurationPlatforms) = preSolution
		Debug|Any CPU = Debug|Any CPU
		Release|Any CPU = Release|Any CPU
	EndGlobalSection
	GlobalSection(ProjectConfigurationPlatforms) = postSolution
		{9A4827BE-B415-4630-B665-FDC545F382CC}.Debug|Any CPU.ActiveCfg = Debug|Any CPU
		{9A4827BE-B415-4630-B665-FDC545F382CC}.Debug|Any CPU.Build.0 = Debug|Any CPU
		{9A4827BE-B415-4630-B665-FDC545F382CC}.Release|Any CPU.ActiveCfg = Release|Any CPU
		{9A4827BE-B415-4630-B665-FDC545F382CC}.Release|Any CPU.Build.0 = Release|Any CPU
		{AA6BDB5E-FC4F-4B11-8DF5-1F7A7DEE26A6}.Debug|Any CPU.ActiveCfg = Debug|Any CPU
		{AA6BDB5E-FC4F-4B11-8DF5-1F7A7DEE26A6}.Debug|Any CPU.Build.0 = Debug|Any CPU
		{AA6BDB5E-FC4F-4B11-8DF5-1F7A7DEE26A6}.Release|Any CPU.ActiveCfg = Release|Any CPU
		{AA6BDB5E-FC4F-4B11-8DF5-1F7A7DEE26A6}.Release|Any CPU.Build.0 = Release|Any CPU
	EndGlobalSection
	GlobalSection(SolutionProperties) = preSolution
		HideSolutionNode = FALSE
	EndGlobalSection
	GlobalSection(ExtensibilityGlobals) = postSolution
		SolutionGuid = {F52F6320-D68A-4225-9748-76BEFE789753}
	EndGlobalSection
EndGlobal
